{
  "requires": true,
  "lockfileVersion": 1,
  "dependencies": {
    "animejs": {
      "version": "3.0.1",
      "resolved": "https://registry.npmjs.org/animejs/-/animejs-3.0.1.tgz",
      "integrity": "sha512-7mMoBQScvA7s4zm3EVgnuXXrtOu6TJNAhU+Ajo7HsXYH0NwbuZIcRHMO65a9NyUlmAXz4VPxlK5cENNOQbCi8g=="
    }
  }
}
